{
  "name": "myapp",
  "version": "1.0.0",
  "lockfileVersion": 3,
  "requires": true,
  "packages": {
    "": {
      "name": "myapp",
      "version": "1.0.0",
      "license": "ISC",
      "dependencies": {
        "@tony-starkus/fluentsql": "^2.0.0"
      }
    },
    "node_modules/@tony-starkus/fluentsql": {
      "version": "2.0.0",
      "resolved": "https://registry.npmjs.org/@tony-starkus/fluentsql/-/fluentsql-2.0.0.tgz",
      "integrity": "sha512-W0j2+OO383kom257ZD3vqE+TB/V7mkshUdtZzC8wlZbGycgpxFlQ0c+cyCjxkOAIcA8fh5FYgnCReWBN5sWnug=="
    }
  }
}
